
Microsoft Visual Studio Solution File, Format Version 12.00
# Visual Studio Version 16
VisualStudioVersion = 16.0.28803.202
MinimumVisualStudioVersion = 10.0.40219.1
Project("{FAE04EC0-301F-11D3-BF4B-00C04F79EFBC}") = "homeWork-9", "homeWork-9\homeWork-9.csproj", "{03757DCD-28F8-4D4D-B640-BED6A803AE26}"
EndProject
Global
	GlobalSection(SolutionConfigurationPlatforms) = preSolution
		Debug|Any CPU = Debug|Any CPU
		Release|Any CPU = Release|Any CPU
	EndGlobalSection
	GlobalSection(ProjectConfigurationPlatforms) = postSolution
		{03757DCD-28F8-4D4D-B640-BED6A803AE26}.Debug|Any CPU.ActiveCfg = Debug|Any CPU
		{03757DCD-28F8-4D4D-B640-BED6A803AE26}.Debug|Any CPU.Build.0 = Debug|Any CPU
		{03757DCD-28F8-4D4D-B640-BED6A803AE26}.Release|Any CPU.ActiveCfg = Release|Any CPU
		{03757DCD-28F8-4D4D-B640-BED6A803AE26}.Release|Any CPU.Build.0 = Release|Any CPU
	EndGlobalSection
	GlobalSection(SolutionProperties) = preSolution
		HideSolutionNode = FALSE
	EndGlobalSection
	GlobalSection(ExtensibilityGlobals) = postSolution
		SolutionGuid = {F99461F2-92DF-4AED-9AD1-6EA4770C7602}
	EndGlobalSection
EndGlobal
